
Microsoft Visual Studio Solution File, Format Version 12.00
# Visual Studio Version 17
VisualStudioVersion = 17.5.002.0
MinimumVisualStudioVersion = 10.0.40219.1
Project("{9A19103F-16F7-4668-BE54-9A1E7A4F7556}") = "DesafioEstacionamento", "DesafioEstacionamento.csproj", "{EDB21E5C-9A3D-42FC-9A7B-7D60849531EC}"
EndProject
Global
	GlobalSection(SolutionConfigurationPlatforms) = preSolution
		Debug|Any CPU = Debug|Any CPU
		Release|Any CPU = Release|Any CPU
	EndGlobalSection
	GlobalSection(ProjectConfigurationPlatforms) = postSolution
		{EDB21E5C-9A3D-42FC-9A7B-7D60849531EC}.Debug|Any CPU.ActiveCfg = Debug|Any CPU
		{EDB21E5C-9A3D-42FC-9A7B-7D60849531EC}.Debug|Any CPU.Build.0 = Debug|Any CPU
		{EDB21E5C-9A3D-42FC-9A7B-7D60849531EC}.Release|Any CPU.ActiveCfg = Release|Any CPU
		{EDB21E5C-9A3D-42FC-9A7B-7D60849531EC}.Release|Any CPU.Build.0 = Release|Any CPU
	EndGlobalSection
	GlobalSection(SolutionProperties) = preSolution
		HideSolutionNode = FALSE
	EndGlobalSection
	GlobalSection(ExtensibilityGlobals) = postSolution
		SolutionGuid = {9BA68AA5-B9E3-4C42-B6D6-61460A5E5D07}
	EndGlobalSection
EndGlobal
